PODS:
  - Sentry (8.2.0):
    - Sentry/Core (= 8.2.0)
    - SentryPrivate (= 8.2.0)
  - Sentry/Core (8.2.0):
    - SentryPrivate (= 8.2.0)
  - SentryPrivate (8.2.0)
  - shared (1.0):
    - Sentry (~> 8.2.0)

DEPENDENCIES:
  - shared (from `../shared`)

SPEC REPOS:
  trunk:
    - Sentry
    - SentryPrivate

EXTERNAL SOURCES:
  shared:
    :path: "../shared"

SPEC CHECKSUMS:
  Sentry: 16d46dd5ca10e7f4469a2611805a3de123188add
  SentryPrivate: 2bb4f8d9ff558b25ac70b66c1dedc58a7c43630b
  shared: cd03660f86b98d74b0e917f1fcb4120d903e647b

PODFILE CHECKSUM: f282da88f39e69507b0a255187c8a6b644477756

COCOAPODS: 1.11.3
